
Microsoft Visual Studio Solution File, Format Version 12.00
# Visual Studio Version 17
VisualStudioVersion = 17.2.32630.192
MinimumVisualStudioVersion = 10.0.40219.1
Project("{FAE04EC0-301F-11D3-BF4B-00C04F79EFBC}") = "ActorsRazorPages", "ActorsRazorPages\ActorsRazorPages.csproj", "{ED465CB3-C703-4861-BBA2-5B7A515D6F51}"
EndProject
Global
	GlobalSection(SolutionConfigurationPlatforms) = preSolution
		Debug|Any CPU = Debug|Any CPU
		Release|Any CPU = Release|Any CPU
	EndGlobalSection
	GlobalSection(ProjectConfigurationPlatforms) = postSolution
		{ED465CB3-C703-4861-BBA2-5B7A515D6F51}.Debug|Any CPU.ActiveCfg = Debug|Any CPU
		{ED465CB3-C703-4861-BBA2-5B7A515D6F51}.Debug|Any CPU.Build.0 = Debug|Any CPU
		{ED465CB3-C703-4861-BBA2-5B7A515D6F51}.Release|Any CPU.ActiveCfg = Release|Any CPU
		{ED465CB3-C703-4861-BBA2-5B7A515D6F51}.Release|Any CPU.Build.0 = Release|Any CPU
	EndGlobalSection
	GlobalSection(SolutionProperties) = preSolution
		HideSolutionNode = FALSE
	EndGlobalSection
	GlobalSection(ExtensibilityGlobals) = postSolution
		SolutionGuid = {BDE76535-6490-4A97-AD86-67673EF20E27}
	EndGlobalSection
EndGlobal
